{
  "requires": true,
  "lockfileVersion": 1,
  "dependencies": {
    "primereact": {
      "version": "6.3.2",
      "resolved": "https://registry.npmjs.org/primereact/-/primereact-6.3.2.tgz",
      "integrity": "sha512-lfvipaSD8uSJhuFfw5Akn2AE/mr/494HtiPfMFdD1aRbTkpxk0EKNlkQNqHEdNFq8c6nrIwFTX2GyiSNWSc/Uw=="
    }
  }
}
